
Microsoft Visual Studio Solution File, Format Version 12.00
# Visual Studio Version 17
VisualStudioVersion = 17.9.34607.119
MinimumVisualStudioVersion = 10.0.40219.1
Project("{FAE04EC0-301F-11D3-BF4B-00C04F79EFBC}") = "Sheldule", "Sheldule\Sheldule.csproj", "{807FB6B2-EA79-476D-A6BA-D08A0F56DDD6}"
EndProject
Project("{FAE04EC0-301F-11D3-BF4B-00C04F79EFBC}") = "Sheldule.DataAccess", "DataAccess\Sheldule.DataAccess.csproj", "{1637B227-63ED-4848-8CE1-0458D9E29F07}"
EndProject
Project("{FAE04EC0-301F-11D3-BF4B-00C04F79EFBC}") = "Sheldule.Application", "Sheldule.Application\Sheldule.Application.csproj", "{9EA304BF-82D6-43D9-8C4D-936CA1AD03E8}"
EndProject
Global
	GlobalSection(SolutionConfigurationPlatforms) = preSolution
		Debug|Any CPU = Debug|Any CPU
		Release|Any CPU = Release|Any CPU
	EndGlobalSection
	GlobalSection(ProjectConfigurationPlatforms) = postSolution
		{807FB6B2-EA79-476D-A6BA-D08A0F56DDD6}.Debug|Any CPU.ActiveCfg = Debug|Any CPU
		{807FB6B2-EA79-476D-A6BA-D08A0F56DDD6}.Debug|Any CPU.Build.0 = Debug|Any CPU
		{807FB6B2-EA79-476D-A6BA-D08A0F56DDD6}.Release|Any CPU.ActiveCfg = Release|Any CPU
		{807FB6B2-EA79-476D-A6BA-D08A0F56DDD6}.Release|Any CPU.Build.0 = Release|Any CPU
		{1637B227-63ED-4848-8CE1-0458D9E29F07}.Debug|Any CPU.ActiveCfg = Debug|Any CPU
		{1637B227-63ED-4848-8CE1-0458D9E29F07}.Debug|Any CPU.Build.0 = Debug|Any CPU
		{1637B227-63ED-4848-8CE1-0458D9E29F07}.Release|Any CPU.ActiveCfg = Release|Any CPU
		{1637B227-63ED-4848-8CE1-0458D9E29F07}.Release|Any CPU.Build.0 = Release|Any CPU
		{9EA304BF-82D6-43D9-8C4D-936CA1AD03E8}.Debug|Any CPU.ActiveCfg = Debug|Any CPU
		{9EA304BF-82D6-43D9-8C4D-936CA1AD03E8}.Debug|Any CPU.Build.0 = Debug|Any CPU
		{9EA304BF-82D6-43D9-8C4D-936CA1AD03E8}.Release|Any CPU.ActiveCfg = Release|Any CPU
		{9EA304BF-82D6-43D9-8C4D-936CA1AD03E8}.Release|Any CPU.Build.0 = Release|Any CPU
	EndGlobalSection
	GlobalSection(SolutionProperties) = preSolution
		HideSolutionNode = FALSE
	EndGlobalSection
	GlobalSection(ExtensibilityGlobals) = postSolution
		SolutionGuid = {F013BE6E-F906-4EB9-BAB4-7D6D030F8BB0}
	EndGlobalSection
EndGlobal
